
Microsoft Visual Studio Solution File, Format Version 12.00
# Visual Studio Version 17
VisualStudioVersion = 17.11.35222.181
MinimumVisualStudioVersion = 10.0.40219.1
Project("{9A19103F-16F7-4668-BE54-9A1E7A4F7556}") = "FeedProcessor", "FeedProcessor\FeedProcessor.csproj", "{78EFC161-94E4-40AD-BB5A-6D06BCD7E9EE}"
EndProject
Project("{9A19103F-16F7-4668-BE54-9A1E7A4F7556}") = "QuantityCalculator", "QuantityCalculator\QuantityCalculator.csproj", "{0EF66DBE-6315-4EBC-95FD-638318019139}"
EndProject
Project("{9A19103F-16F7-4668-BE54-9A1E7A4F7556}") = "PriceCalculator", "PriceCalculator\PriceCalculator.csproj", "{30220621-955F-433C-A948-5FFC70BD13FE}"
EndProject
Project("{FAE04EC0-301F-11D3-BF4B-00C04F79EFBC}") = "SharedLib", "SharedLib\SharedLib.csproj", "{4FCBBF04-A2D4-4817-B8D3-CC9038AED692}"
EndProject
Global
	GlobalSection(SolutionConfigurationPlatforms) = preSolution
		Debug|Any CPU = Debug|Any CPU
		Release|Any CPU = Release|Any CPU
	EndGlobalSection
	GlobalSection(ProjectConfigurationPlatforms) = postSolution
		{78EFC161-94E4-40AD-BB5A-6D06BCD7E9EE}.Debug|Any CPU.ActiveCfg = Debug|Any CPU
		{78EFC161-94E4-40AD-BB5A-6D06BCD7E9EE}.Debug|Any CPU.Build.0 = Debug|Any CPU
		{78EFC161-94E4-40AD-BB5A-6D06BCD7E9EE}.Release|Any CPU.ActiveCfg = Release|Any CPU
		{78EFC161-94E4-40AD-BB5A-6D06BCD7E9EE}.Release|Any CPU.Build.0 = Release|Any CPU
		{0EF66DBE-6315-4EBC-95FD-638318019139}.Debug|Any CPU.ActiveCfg = Debug|Any CPU
		{0EF66DBE-6315-4EBC-95FD-638318019139}.Debug|Any CPU.Build.0 = Debug|Any CPU
		{0EF66DBE-6315-4EBC-95FD-638318019139}.Release|Any CPU.ActiveCfg = Release|Any CPU
		{0EF66DBE-6315-4EBC-95FD-638318019139}.Release|Any CPU.Build.0 = Release|Any CPU
		{30220621-955F-433C-A948-5FFC70BD13FE}.Debug|Any CPU.ActiveCfg = Debug|Any CPU
		{30220621-955F-433C-A948-5FFC70BD13FE}.Debug|Any CPU.Build.0 = Debug|Any CPU
		{30220621-955F-433C-A948-5FFC70BD13FE}.Release|Any CPU.ActiveCfg = Release|Any CPU
		{30220621-955F-433C-A948-5FFC70BD13FE}.Release|Any CPU.Build.0 = Release|Any CPU
		{4FCBBF04-A2D4-4817-B8D3-CC9038AED692}.Debug|Any CPU.ActiveCfg = Debug|Any CPU
		{4FCBBF04-A2D4-4817-B8D3-CC9038AED692}.Debug|Any CPU.Build.0 = Debug|Any CPU
		{4FCBBF04-A2D4-4817-B8D3-CC9038AED692}.Release|Any CPU.ActiveCfg = Release|Any CPU
		{4FCBBF04-A2D4-4817-B8D3-CC9038AED692}.Release|Any CPU.Build.0 = Release|Any CPU
	EndGlobalSection
	GlobalSection(SolutionProperties) = preSolution
		HideSolutionNode = FALSE
	EndGlobalSection
	GlobalSection(ExtensibilityGlobals) = postSolution
		SolutionGuid = {704B576D-2644-4FD9-82E1-94182CA8D3D3}
	EndGlobalSection
EndGlobal
